
Microsoft Visual Studio Solution File, Format Version 12.00
# Visual Studio Version 16
VisualStudioVersion = 16.0.34031.81
MinimumVisualStudioVersion = 10.0.40219.1
Project("{FAE04EC0-301F-11D3-BF4B-00C04F79EFBC}") = "ToursApp", "ToursApp\ToursApp.csproj", "{03DAEF2A-072F-4600-813D-EFA82BB5B153}"
EndProject
Global
	GlobalSection(SolutionConfigurationPlatforms) = preSolution
		Debug|Any CPU = Debug|Any CPU
		Release|Any CPU = Release|Any CPU
	EndGlobalSection
	GlobalSection(ProjectConfigurationPlatforms) = postSolution
		{03DAEF2A-072F-4600-813D-EFA82BB5B153}.Debug|Any CPU.ActiveCfg = Debug|Any CPU
		{03DAEF2A-072F-4600-813D-EFA82BB5B153}.Debug|Any CPU.Build.0 = Debug|Any CPU
		{03DAEF2A-072F-4600-813D-EFA82BB5B153}.Release|Any CPU.ActiveCfg = Release|Any CPU
		{03DAEF2A-072F-4600-813D-EFA82BB5B153}.Release|Any CPU.Build.0 = Release|Any CPU
	EndGlobalSection
	GlobalSection(SolutionProperties) = preSolution
		HideSolutionNode = FALSE
	EndGlobalSection
	GlobalSection(ExtensibilityGlobals) = postSolution
		SolutionGuid = {5B43B63B-F4B8-40A9-8447-1A1CA6B10191}
	EndGlobalSection
EndGlobal
